// !$*UTF8*$!
{
	archiveVersion = 1;
	classes = {
	};
	objectVersion = 46;
	objects = {

/* Begin PBXBuildFile section */
		5A2F6A261F167E7600D851D6 /* AppDelegate.swift in Sources */ = {isa = PBXBuildFile; fileRef = 5A2F6A251F167E7600D851D6 /* AppDelegate.swift */; };
		5A2F6A281F167E7600D851D6 /* ViewController.swift in Sources */ = {isa = PBXBuildFile; fileRef = 5A2F6A271F167E7600D851D6 /* ViewController.swift */; };
		5A2F6A2B1F167E7600D851D6 /* Main.storyboard in Resources */ = {isa = PBXBuildFile; fileRef = 5A2F6A291F167E7600D851D6 /* Main.storyboard */; };
		5A2F6A2D1F167E7600D851D6 /* Assets.xcassets in Resources */ = {isa = PBXBuildFile; fileRef = 5A2F6A2C1F167E7600D851D6 /* Assets.xcassets */; };
		5A2F6A301F167E7600D851D6 /* LaunchScreen.storyboard in Resources */ = {isa = PBXBuildFile; fileRef = 5A2F6A2E1F167E7600D851D6 /* LaunchScreen.storyboard */; };
		5A2F6A3B1F167E7600D851D6 /* SaseTheKittensExceptTheHairlessOnesTests.swift in Sources */ = {isa = PBXBuildFile; fileRef = 5A2F6A3A1F167E7600D851D6 /* SaseTheKittensExceptTheHairlessOnesTests.swift */; };
		5A2F6A461F167E7600D851D6 /* SaseTheKittensExceptTheHairlessOnesUITests.swift in Sources */ = {isa = PBXBuildFile; fileRef = 5A2F6A451F167E7600D851D6 /* SaseTheKittensExceptTheHairlessOnesUITests.swift */; };
/* End PBXBuildFile section */

/* Begin PBXContainerItemProxy section */
		5A2F6A371F167E7600D851D6 /* PBXContainerItemProxy */ = {
			isa = PBXContainerItemProxy;
			containerPortal = 5A2F6A1A1F167E7600D851D6 /* Project object */;
			proxyType = 1;
			remoteGlobalIDString = 5A2F6A211F167E7600D851D6;
			remoteInfo = SaseTheKittensExceptTheHairlessOnes;
		};
		5A2F6A421F167E7600D851D6 /* PBXContainerItemProxy */ = {
			isa = PBXContainerItemProxy;
			containerPortal = 5A2F6A1A1F167E7600D851D6 /* Project object */;
			proxyType = 1;
			remoteGlobalIDString = 5A2F6A211F167E7600D851D6;
			remoteInfo = SaseTheKittensExceptTheHairlessOnes;
		};
/* End PBXContainerItemProxy section */

/* Begin PBXFileReference section */
		5A2F6A221F167E7600D851D6 /* SaseTheKittensExceptTheHairlessOnes.app */ = {isa = PBXFileReference; explicitFileType = wrapper.application; includeInIndex = 0; path = SaseTheKittensExceptTheHairlessOnes.app; sourceTree = BUILT_PRODUCTS_DIR; };
		5A2F6A251F167E7600D851D6 /* AppDelegate.swift */ = {isa = PBXFileReference; lastKnownFileType = sourcecode.swift; path = AppDelegate.swift; sourceTree = "<group>"; };
		5A2F6A271F167E7600D851D6 /* ViewController.swift */ = {isa = PBXFileReference; lastKnownFileType = sourcecode.swift; path = ViewController.swift; sourceTree = "<group>"; };
		5A2F6A2A1F167E7600D851D6 /* Base */ = {isa = PBXFileReference; lastKnownFileType = file.storyboard; name = Base; path = Base.lproj/Main.storyboard; sourceTree = "<group>"; };
		5A2F6A2C1F167E7600D851D6 /* Assets.xcassets */ = {isa = PBXFileReference; lastKnownFileType = folder.assetcatalog; path = Assets.xcassets; sourceTree = "<group>"; };
		5A2F6A2F1F167E7600D851D6 /* Base */ = {isa = PBXFileReference; lastKnownFileType = file.storyboard; name = Base; path = Base.lproj/LaunchScreen.storyboard; sourceTree = "<group>"; };
		5A2F6A311F167E7600D851D6 /* Info.plist */ = {isa = PBXFileReference; lastKnownFileType = text.plist.xml; path = Info.plist; sourceTree = "<group>"; };
		5A2F6A361F167E7600D851D6 /* SaseTheKittensExceptTheHairlessOnesTests.xctest */ = {isa = PBXFileReference; explicitFileType = wrapper.cfbundle; includeInIndex = 0; path = SaseTheKittensExceptTheHairlessOnesTests.xctest; sourceTree = BUILT_PRODUCTS_DIR; };
		5A2F6A3A1F167E7600D851D6 /* SaseTheKittensExceptTheHairlessOnesTests.swift */ = {isa = PBXFileReference; lastKnownFileType = sourcecode.swift; path = SaseTheKittensExceptTheHairlessOnesTests.swift; sourceTree = "<group>"; };
		5A2F6A3C1F167E7600D851D6 /* Info.plist */ = {isa = PBXFileReference; lastKnownFileType = text.plist.xml; path = Info.plist; sourceTree = "<group>"; };
		5A2F6A411F167E7600D851D6 /* SaseTheKittensExceptTheHairlessOnesUITests.xctest */ = {isa = PBXFileReference; explicitFileType = wrapper.cfbundle; includeInIndex = 0; path = SaseTheKittensExceptTheHairlessOnesUITests.xctest; sourceTree = BUILT_PRODUCTS_DIR; };
		5A2F6A451F167E7600D851D6 /* SaseTheKittensExceptTheHairlessOnesUITests.swift */ = {isa = PBXFileReference; lastKnownFileType = sourcecode.swift; path = SaseTheKittensExceptTheHairlessOnesUITests.swift; sourceTree = "<group>"; };
		5A2F6A471F167E7600D851D6 /* Info.plist */ = {isa = PBXFileReference; lastKnownFileType = text.plist.xml; path = Info.plist; sourceTree = "<group>"; };
/* End PBXFileReference section */

/* Begin PBXFrameworksBuildPhase section */
		5A2F6A1F1F167E7600D851D6 /* Frameworks */ = {
			isa = PBXFrameworksBuildPhase;
			buildActionMask = 2147483647;
			files = (
			);
			runOnlyForDeploymentPostprocessing = 0;
		};
		5A2F6A331F167E7600D851D6 /* Frameworks */ = {
			isa = PBXFrameworksBuildPhase;
			buildActionMask = 2147483647;
			files = (
			);
			runOnlyForDeploymentPostprocessing = 0;
		};
		5A2F6A3E1F167E7600D851D6 /* Frameworks */ = {
			isa = PBXFrameworksBuildPhase;
			buildActionMask = 2147483647;
			files = (
			);
			runOnlyForDeploymentPostprocessing = 0;
		};
/* End PBXFrameworksBuildPhase section */

/* Begin PBXGroup section */
		5A2F6A191F167E7600D851D6 = {
			isa = PBXGroup;
			children = (
				5A2F6A241F167E7600D851D6 /* SaseTheKittensExceptTheHairlessOnes */,
				5A2F6A391F167E7600D851D6 /* SaseTheKittensExceptTheHairlessOnesTests */,
				5A2F6A441F167E7600D851D6 /* SaseTheKittensExceptTheHairlessOnesUITests */,
				5A2F6A231F167E7600D851D6 /* Products */,
			);
			sourceTree = "<group>";
		};
		5A2F6A231F167E7600D851D6 /* Products */ = {
			isa = PBXGroup;
			children = (
				5A2F6A221F167E7600D851D6 /* SaseTheKittensExceptTheHairlessOnes.app */,
				5A2F6A361F167E7600D851D6 /* SaseTheKittensExceptTheHairlessOnesTests.xctest */,
				5A2F6A411F167E7600D851D6 /* SaseTheKittensExceptTheHairlessOnesUITests.xctest */,
			);
			name = Products;
			sourceTree = "<group>";
		};
		5A2F6A241F167E7600D851D6 /* SaseTheKittensExceptTheHairlessOnes */ = {
			isa = PBXGroup;
			children = (
				5A2F6A251F167E7600D851D6 /* AppDelegate.swift */,
				5A2F6A271F167E7600D851D6 /* ViewController.swift */,
				5A2F6A291F167E7600D851D6 /* Main.storyboard */,
				5A2F6A2C1F167E7600D851D6 /* Assets.xcassets */,
				5A2F6A2E1F167E7600D851D6 /* LaunchScreen.storyboard */,
				5A2F6A311F167E7600D851D6 /* Info.plist */,
			);
			path = SaseTheKittensExceptTheHairlessOnes;
			sourceTree = "<group>";
		};
		5A2F6A391F167E7600D851D6 /* SaseTheKittensExceptTheHairlessOnesTests */ = {
			isa = PBXGroup;
			children = (
				5A2F6A3A1F167E7600D851D6 /* SaseTheKittensExceptTheHairlessOnesTests.swift */,
				5A2F6A3C1F167E7600D851D6 /* Info.plist */,
			);
			path = SaseTheKittensExceptTheHairlessOnesTests;
			sourceTree = "<group>";
		};
		5A2F6A441F167E7600D851D6 /* SaseTheKittensExceptTheHairlessOnesUITests */ = {
			isa = PBXGroup;
			children = (
				5A2F6A451F167E7600D851D6 /* SaseTheKittensExceptTheHairlessOnesUITests.swift */,
				5A2F6A471F167E7600D851D6 /* Info.plist */,
			);
			path = SaseTheKittensExceptTheHairlessOnesUITests;
			sourceTree = "<group>";
		};
/* End PBXGroup section */

/* Begin PBXNativeTarget section */
		5A2F6A211F167E7600D851D6 /* SaseTheKittensExceptTheHairlessOnes */ = {
			isa = PBXNativeTarget;
			buildConfigurationList = 5A2F6A4A1F167E7600D851D6 /* Build configuration list for PBXNativeTarget "SaseTheKittensExceptTheHairlessOnes" */;
			buildPhases = (
				5A2F6A1E1F167E7600D851D6 /* Sources */,
				5A2F6A1F1F167E7600D851D6 /* Frameworks */,
				5A2F6A201F167E7600D851D6 /* Resources */,
			);
			buildRules = (
			);
			dependencies = (
			);
			name = SaseTheKittensExceptTheHairlessOnes;
			productName = SaseTheKittensExceptTheHairlessOnes;
			productReference = 5A2F6A221F167E7600D851D6 /* SaseTheKittensExceptTheHairlessOnes.app */;
			productType = "com.apple.product-type.application";
		};
		5A2F6A351F167E7600D851D6 /* SaseTheKittensExceptTheHairlessOnesTests */ = {
			isa = PBXNativeTarget;
			buildConfigurationList = 5A2F6A4D1F167E7600D851D6 /* Build configuration list for PBXNativeTarget "SaseTheKittensExceptTheHairlessOnesTests" */;
			buildPhases = (
				5A2F6A321F167E7600D851D6 /* Sources */,
				5A2F6A331F167E7600D851D6 /* Frameworks */,
				5A2F6A341F167E7600D851D6 /* Resources */,
			);
			buildRules = (
			);
			dependencies = (
				5A2F6A381F167E7600D851D6 /* PBXTargetDependency */,
			);
			name = SaseTheKittensExceptTheHairlessOnesTests;
			productName = SaseTheKittensExceptTheHairlessOnesTests;
			productReference = 5A2F6A361F167E7600D851D6 /* SaseTheKittensExceptTheHairlessOnesTests.xctest */;
			productType = "com.apple.product-type.bundle.unit-test";
		};
		5A2F6A401F167E7600D851D6 /* SaseTheKittensExceptTheHairlessOnesUITests */ = {
			isa = PBXNativeTarget;
			buildConfigurationList = 5A2F6A501F167E7600D851D6 /* Build configuration list for PBXNativeTarget "SaseTheKittensExceptTheHairlessOnesUITests" */;
			buildPhases = (
				5A2F6A3D1F167E7600D851D6 /* Sources */,
				5A2F6A3E1F167E7600D851D6 /* Frameworks */,
				5A2F6A3F1F167E7600D851D6 /* Resources */,
			);
			buildRules = (
			);
			dependencies = (
				5A2F6A431F167E7600D851D6 /* PBXTargetDependency */,
			);
			name = SaseTheKittensExceptTheHairlessOnesUITests;
			productName = SaseTheKittensExceptTheHairlessOnesUITests;
			productReference = 5A2F6A411F167E7600D851D6 /* SaseTheKittensExceptTheHairlessOnesUITests.xctest */;
			productType = "com.apple.product-type.bundle.ui-testing";
		};
/* End PBXNativeTarget section */

/* Begin PBXProject section */
		5A2F6A1A1F167E7600D851D6 /* Project object */ = {
			isa = PBXProject;
			attributes = {
				LastSwiftUpdateCheck = 0830;
				LastUpgradeCheck = 0830;
				ORGANIZATIONNAME = "Jorge Claudio";
				TargetAttributes = {
					5A2F6A211F167E7600D851D6 = {
						CreatedOnToolsVersion = 8.3.3;
						ProvisioningStyle = Automatic;
					};
					5A2F6A351F167E7600D851D6 = {
						CreatedOnToolsVersion = 8.3.3;
						ProvisioningStyle = Automatic;
						TestTargetID = 5A2F6A211F167E7600D851D6;
					};
					5A2F6A401F167E7600D851D6 = {
						CreatedOnToolsVersion = 8.3.3;
						ProvisioningStyle = Automatic;
						TestTargetID = 5A2F6A211F167E7600D851D6;
					};
				};
			};
			buildConfigurationList = 5A2F6A1D1F167E7600D851D6 /* Build configuration list for PBXProject "SaseTheKittensExceptTheHairlessOnes" */;
			compatibilityVersion = "Xcode 3.2";
			developmentRegion = English;
			hasScannedForEncodings = 0;
			knownRegions = (
				en,
				Base,
			);
			mainGroup = 5A2F6A191F167E7600D851D6;
			productRefGroup = 5A2F6A231F167E7600D851D6 /* Products */;
			projectDirPath = "";
			projectRoot = "";
			targets = (
				5A2F6A211F167E7600D851D6 /* SaseTheKittensExceptTheHairlessOnes */,
				5A2F6A351F167E7600D851D6 /* SaseTheKittensExceptTheHairlessOnesTests */,
				5A2F6A401F167E7600D851D6 /* SaseTheKittensExceptTheHairlessOnesUITests */,
			);
		};
/* End PBXProject section */

/* Begin PBXResourcesBuildPhase section */
		5A2F6A201F167E7600D851D6 /* Resources */ = {
			isa = PBXResourcesBuildPhase;
			buildActionMask = 2147483647;
			files = (
				5A2F6A301F167E7600D851D6 /* LaunchScreen.storyboard in Resources */,
				5A2F6A2D1F167E7600D851D6 /* Assets.xcassets in Resources */,
				5A2F6A2B1F167E7600D851D6 /* Main.storyboard in Resources */,
			);
			runOnlyForDeploymentPostprocessing = 0;
		};
		5A2F6A341F167E7600D851D6 /* Resources */ = {
			isa = PBXResourcesBuildPhase;
			buildActionMask = 2147483647;
			files = (
			);
			runOnlyForDeploymentPostprocessing = 0;
		};
		5A2F6A3F1F167E7600D851D6 /* Resources */ = {
			isa = PBXResourcesBuildPhase;
			buildActionMask = 2147483647;
			files = (
			);
			runOnlyForDeploymentPostprocessing = 0;
		};
/* End PBXResourcesBuildPhase section */

/* Begin PBXSourcesBuildPhase section */
		5A2F6A1E1F167E7600D851D6 /* Sources */ = {
			isa = PBXSourcesBuildPhase;
			buildActionMask = 2147483647;
			files = (
				5A2F6A281F167E7600D851D6 /* ViewController.swift in Sources */,
				5A2F6A261F167E7600D851D6 /* AppDelegate.swift in Sources */,
			);
			runOnlyForDeploymentPostprocessing = 0;
		};
		5A2F6A321F167E7600D851D6 /* Sources */ = {
			isa = PBXSourcesBuildPhase;
			buildActionMask = 2147483647;
			files = (
				5A2F6A3B1F167E7600D851D6 /* SaseTheKittensExceptTheHairlessOnesTests.swift in Sources */,
			);
			runOnlyForDeploymentPostprocessing = 0;
		};
		5A2F6A3D1F167E7600D851D6 /* Sources */ = {
			isa = PBXSourcesBuildPhase;
			buildActionMask = 2147483647;
			files = (
				5A2F6A461F167E7600D851D6 /* SaseTheKittensExceptTheHairlessOnesUITests.swift in Sources */,
			);
			runOnlyForDeploymentPostprocessing = 0;
		};
/* End PBXSourcesBuildPhase section */

/* Begin PBXTargetDependency section */
		5A2F6A381F167E7600D851D6 /* PBXTargetDependency */ = {
			isa = PBXTargetDependency;
			target = 5A2F6A211F167E7600D851D6 /* SaseTheKittensExceptTheHairlessOnes */;
			targetProxy = 5A2F6A371F167E7600D851D6 /* PBXContainerItemProxy */;
		};
		5A2F6A431F167E7600D851D6 /* PBXTargetDependency */ = {
			isa = PBXTargetDependency;
			target = 5A2F6A211F167E7600D851D6 /* SaseTheKittensExceptTheHairlessOnes */;
			targetProxy = 5A2F6A421F167E7600D851D6 /* PBXContainerItemProxy */;
		};
/* End PBXTargetDependency section */

/* Begin PBXVariantGroup section */
		5A2F6A291F167E7600D851D6 /* Main.storyboard */ = {
			isa = PBXVariantGroup;
			children = (
				5A2F6A2A1F167E7600D851D6 /* Base */,
			);
			name = Main.storyboard;
			sourceTree = "<group>";
		};
		5A2F6A2E1F167E7600D851D6 /* LaunchScreen.storyboard */ = {
			isa = PBXVariantGroup;
			children = (
				5A2F6A2F1F167E7600D851D6 /* Base */,
			);
			name = LaunchScreen.storyboard;
			sourceTree = "<group>";
		};
/* End PBXVariantGroup section */

/* Begin XCBuildConfiguration section */
		5A2F6A481F167E7600D851D6 /* Debug */ = {
			isa = XCBuildConfiguration;
			buildSettings = {
				ALWAYS_SEARCH_USER_PATHS = NO;
				CLANG_ANALYZER_NONNULL = YES;
				CLANG_ANALYZER_NUMBER_OBJECT_CONVERSION = YES_AGGRESSIVE;
				CLANG_CXX_LANGUAGE_STANDARD = "gnu++0x";
				CLANG_CXX_LIBRARY = "libc++";
				CLANG_ENABLE_MODULES = YES;
				CLANG_ENABLE_OBJC_ARC = YES;
				CLANG_WARN_BOOL_CONVERSION = YES;
				CLANG_WARN_CONSTANT_CONVERSION = YES;
				CLANG_WARN_DIRECT_OBJC_ISA_USAGE = YES_ERROR;
				CLANG_WARN_DOCUMENTATION_COMMENTS = YES;
				CLANG_WARN_EMPTY_BODY = YES;
				CLANG_WARN_ENUM_CONVERSION = YES;
				CLANG_WARN_INFINITE_RECURSION = YES;
				CLANG_WARN_INT_CONVERSION = YES;
				CLANG_WARN_OBJC_ROOT_CLASS = YES_ERROR;
				CLANG_WARN_SUSPICIOUS_MOVE = YES;
				CLANG_WARN_UNREACHABLE_CODE = YES;
				CLANG_WARN__DUPLICATE_METHOD_MATCH = YES;
				"CODE_SIGN_IDENTITY[sdk=iphoneos*]" = "iPhone Developer";
				COPY_PHASE_STRIP = NO;
				DEBUG_INFORMATION_FORMAT = dwarf;
				ENABLE_STRICT_OBJC_MSGSEND = YES;
				ENABLE_TESTABILITY = YES;
				GCC_C_LANGUAGE_STANDARD = gnu99;
				GCC_DYNAMIC_NO_PIC = NO;
				GCC_NO_COMMON_BLOCKS = YES;
				GCC_OPTIMIZATION_LEVEL = 0;
				GCC_PREPROCESSOR_DEFINITIONS = (
					"DEBUG=1",
					"$(inherited)",
				);
				GCC_WARN_64_TO_32_BIT_CONVERSION = YES;
				GCC_WARN_ABOUT_RETURN_TYPE = YES_ERROR;
				GCC_WARN_UNDECLARED_SELECTOR = YES;
				GCC_WARN_UNINITIALIZED_AUTOS = YES_AGGRESSIVE;
				GCC_WARN_UNUSED_FUNCTION = YES;
				GCC_WARN_UNUSED_VARIABLE = YES;
				IPHONEOS_DEPLOYMENT_TARGET = 10.3;
				MTL_ENABLE_DEBUG_INFO = YES;
				ONLY_ACTIVE_ARCH = YES;
				SDKROOT = iphoneos;
				SWIFT_ACTIVE_COMPILATION_CONDITIONS = DEBUG;
				SWIFT_OPTIMIZATION_LEVEL = "-Onone";
				TARGETED_DEVICE_FAMILY = "1,2";
			};
			name = Debug;
		};
		5A2F6A491F167E7600D851D6 /* Release */ = {
			isa = XCBuildConfiguration;
			buildSettings = {
				ALWAYS_SEARCH_USER_PATHS = NO;
				CLANG_ANALYZER_NONNULL = YES;
				CLANG_ANALYZER_NUMBER_OBJECT_CONVERSION = YES_AGGRESSIVE;
				CLANG_CXX_LANGUAGE_STANDARD = "gnu++0x";
				CLANG_CXX_LIBRARY = "libc++";
				CLANG_ENABLE_MODULES = YES;
				CLANG_ENABLE_OBJC_ARC = YES;
				CLANG_WARN_BOOL_CONVERSION = YES;
				CLANG_WARN_CONSTANT_CONVERSION = YES;
				CLANG_WARN_DIRECT_OBJC_ISA_USAGE = YES_ERROR;
				CLANG_WARN_DOCUMENTATION_COMMENTS = YES;
				CLANG_WARN_EMPTY_BODY = YES;
				CLANG_WARN_ENUM_CONVERSION = YES;
				CLANG_WARN_INFINITE_RECURSION = YES;
				CLANG_WARN_INT_CONVERSION = YES;
				CLANG_WARN_OBJC_ROOT_CLASS = YES_ERROR;
				CLANG_WARN_SUSPICIOUS_MOVE = YES;
				CLANG_WARN_UNREACHABLE_CODE = YES;
				CLANG_WARN__DUPLICATE_METHOD_MATCH = YES;
				"CODE_SIGN_IDENTITY[sdk=iphoneos*]" = "iPhone Developer";
				COPY_PHASE_STRIP = NO;
				DEBUG_INFORMATION_FORMAT = "dwarf-with-dsym";
				ENABLE_NS_ASSERTIONS = NO;
				ENABLE_STRICT_OBJC_MSGSEND = YES;
				GCC_C_LANGUAGE_STANDARD = gnu99;
				GCC_NO_COMMON_BLOCKS = YES;
				GCC_WARN_64_TO_32_BIT_CONVERSION = YES;
				GCC_WARN_ABOUT_RETURN_TYPE = YES_ERROR;
				GCC_WARN_UNDECLARED_SELECTOR = YES;
				GCC_WARN_UNINITIALIZED_AUTOS = YES_AGGRESSIVE;
				GCC_WARN_UNUSED_FUNCTION = YES;
				GCC_WARN_UNUSED_VARIABLE = YES;
				IPHONEOS_DEPLOYMENT_TARGET = 10.3;
				MTL_ENABLE_DEBUG_INFO = NO;
				SDKROOT = iphoneos;
				SWIFT_OPTIMIZATION_LEVEL = "-Owholemodule";
				TARGETED_DEVICE_FAMILY = "1,2";
				VALIDATE_PRODUCT = YES;
			};
			name = Release;
		};
		5A2F6A4B1F167E7600D851D6 /* Debug */ = {
			isa = XCBuildConfiguration;
			buildSettings = {
				ASSETCATALOG_COMPILER_APPICON_NAME = AppIcon;
				INFOPLIST_FILE = SaseTheKittensExceptTheHairlessOnes/Info.plist;
				LD_RUNPATH_SEARCH_PATHS = "$(inherited) @executable_path/Frameworks";
				PRODUCT_BUNDLE_IDENTIFIER = com.swiftallmighty.SaseTheKittensExceptTheHairlessOnes;
				PRODUCT_NAME = "$(TARGET_NAME)";
				SWIFT_VERSION = 3.0;
			};
			name = Debug;
		};
		5A2F6A4C1F167E7600D851D6 /* Release */ = {
			isa = XCBuildConfiguration;
			buildSettings = {
				ASSETCATALOG_COMPILER_APPICON_NAME = AppIcon;
				INFOPLIST_FILE = SaseTheKittensExceptTheHairlessOnes/Info.plist;
				LD_RUNPATH_SEARCH_PATHS = "$(inherited) @executable_path/Frameworks";
				PRODUCT_BUNDLE_IDENTIFIER = com.swiftallmighty.SaseTheKittensExceptTheHairlessOnes;
				PRODUCT_NAME = "$(TARGET_NAME)";
				SWIFT_VERSION = 3.0;
			};
			name = Release;
		};
		5A2F6A4E1F167E7600D851D6 /* Debug */ = {
			isa = XCBuildConfiguration;
			buildSettings = {
				ALWAYS_EMBED_SWIFT_STANDARD_LIBRARIES = YES;
				BUNDLE_LOADER = "$(TEST_HOST)";
				INFOPLIST_FILE = SaseTheKittensExceptTheHairlessOnesTests/Info.plist;
				LD_RUNPATH_SEARCH_PATHS = "$(inherited) @executable_path/Frameworks @loader_path/Frameworks";
				PRODUCT_BUNDLE_IDENTIFIER = com.swiftallmighty.SaseTheKittensExceptTheHairlessOnesTests;
				PRODUCT_NAME = "$(TARGET_NAME)";
				SWIFT_VERSION = 3.0;
				TEST_HOST = "$(BUILT_PRODUCTS_DIR)/SaseTheKittensExceptTheHairlessOnes.app/SaseTheKittensExceptTheHairlessOnes";
			};
			name = Debug;
		};
		5A2F6A4F1F167E7600D851D6 /* Release */ = {
			isa = XCBuildConfiguration;
			buildSettings = {
				ALWAYS_EMBED_SWIFT_STANDARD_LIBRARIES = YES;
				BUNDLE_LOADER = "$(TEST_HOST)";
				INFOPLIST_FILE = SaseTheKittensExceptTheHairlessOnesTests/Info.plist;
				LD_RUNPATH_SEARCH_PATHS = "$(inherited) @executable_path/Frameworks @loader_path/Frameworks";
				PRODUCT_BUNDLE_IDENTIFIER = com.swiftallmighty.SaseTheKittensExceptTheHairlessOnesTests;
				PRODUCT_NAME = "$(TARGET_NAME)";
				SWIFT_VERSION = 3.0;
				TEST_HOST = "$(BUILT_PRODUCTS_DIR)/SaseTheKittensExceptTheHairlessOnes.app/SaseTheKittensExceptTheHairlessOnes";
			};
			name = Release;
		};
		5A2F6A511F167E7600D851D6 /* Debug */ = {
			isa = XCBuildConfiguration;
			buildSettings = {
				ALWAYS_EMBED_SWIFT_STANDARD_LIBRARIES = YES;
				INFOPLIST_FILE = SaseTheKittensExceptTheHairlessOnesUITests/Info.plist;
				LD_RUNPATH_SEARCH_PATHS = "$(inherited) @executable_path/Frameworks @loader_path/Frameworks";
				PRODUCT_BUNDLE_IDENTIFIER = com.swiftallmighty.SaseTheKittensExceptTheHairlessOnesUITests;
				PRODUCT_NAME = "$(TARGET_NAME)";
				SWIFT_VERSION = 3.0;
				TEST_TARGET_NAME = SaseTheKittensExceptTheHairlessOnes;
			};
			name = Debug;
		};
		5A2F6A521F167E7600D851D6 /* Release */ = {
			isa = XCBuildConfiguration;
			buildSettings = {
				ALWAYS_EMBED_SWIFT_STANDARD_LIBRARIES = YES;
				INFOPLIST_FILE = SaseTheKittensExceptTheHairlessOnesUITests/Info.plist;
				LD_RUNPATH_SEARCH_PATHS = "$(inherited) @executable_path/Frameworks @loader_path/Frameworks";
				PRODUCT_BUNDLE_IDENTIFIER = com.swiftallmighty.SaseTheKittensExceptTheHairlessOnesUITests;
				PRODUCT_NAME = "$(TARGET_NAME)";
				SWIFT_VERSION = 3.0;
				TEST_TARGET_NAME = SaseTheKittensExceptTheHairlessOnes;
			};
			name = Release;
		};
/* End XCBuildConfiguration section */

/* Begin XCConfigurationList section */
		5A2F6A1D1F167E7600D851D6 /* Build configuration list for PBXProject "SaseTheKittensExceptTheHairlessOnes" */ = {
			isa = XCConfigurationList;
			buildConfigurations = (
				5A2F6A481F167E7600D851D6 /* Debug */,
				5A2F6A491F167E7600D851D6 /* Release */,
			);
			defaultConfigurationIsVisible = 0;
			defaultConfigurationName = Release;
		};
		5A2F6A4A1F167E7600D851D6 /* Build configuration list for PBXNativeTarget "SaseTheKittensExceptTheHairlessOnes" */ = {
			isa = XCConfigurationList;
			buildConfigurations = (
				5A2F6A4B1F167E7600D851D6 /* Debug */,
				5A2F6A4C1F167E7600D851D6 /* Release */,
			);
			defaultConfigurationIsVisible = 0;
		};
		5A2F6A4D1F167E7600D851D6 /* Build configuration list for PBXNativeTarget "SaseTheKittensExceptTheHairlessOnesTests" */ = {
			isa = XCConfigurationList;
			buildConfigurations = (
				5A2F6A4E1F167E7600D851D6 /* Debug */,
				5A2F6A4F1F167E7600D851D6 /* Release */,
			);
			defaultConfigurationIsVisible = 0;
		};
		5A2F6A501F167E7600D851D6 /* Build configuration list for PBXNativeTarget "SaseTheKittensExceptTheHairlessOnesUITests" */ = {
			isa = XCConfigurationList;
			buildConfigurations = (
				5A2F6A511F167E7600D851D6 /* Debug */,
				5A2F6A521F167E7600D851D6 /* Release */,
			);
			defaultConfigurationIsVisible = 0;
		};
/* End XCConfigurationList section */
	};
	rootObject = 5A2F6A1A1F167E7600D851D6 /* Project object */;
}
